
Microsoft Visual Studio Solution File, Format Version 12.00
# Visual Studio Version 16
VisualStudioVersion = 16.0.29920.165
MinimumVisualStudioVersion = 10.0.40219.1
Project("{2150E333-8FDC-42A3-9474-1A3956D46DE8}") = "DAL", "DAL", "{1DA3186F-F430-4241-B3C4-8607E0D437F1}"
EndProject
Project("{FAE04EC0-301F-11D3-BF4B-00C04F79EFBC}") = "DbService", "DbService\DbService.csproj", "{54A92228-94FB-444E-973E-7A9D0E578A0E}"
EndProject
Project("{FAE04EC0-301F-11D3-BF4B-00C04F79EFBC}") = "DbServiceHost", "DbServiceHost\DbServiceHost.csproj", "{92C3F570-3A87-483E-922D-8FA09FE4CB61}"
EndProject
Global
	GlobalSection(SolutionConfigurationPlatforms) = preSolution
		Debug|Any CPU = Debug|Any CPU
		Release|Any CPU = Release|Any CPU
	EndGlobalSection
	GlobalSection(ProjectConfigurationPlatforms) = postSolution
		{54A92228-94FB-444E-973E-7A9D0E578A0E}.Debug|Any CPU.ActiveCfg = Debug|Any CPU
		{54A92228-94FB-444E-973E-7A9D0E578A0E}.Debug|Any CPU.Build.0 = Debug|Any CPU
		{54A92228-94FB-444E-973E-7A9D0E578A0E}.Release|Any CPU.ActiveCfg = Release|Any CPU
		{54A92228-94FB-444E-973E-7A9D0E578A0E}.Release|Any CPU.Build.0 = Release|Any CPU
		{92C3F570-3A87-483E-922D-8FA09FE4CB61}.Debug|Any CPU.ActiveCfg = Debug|Any CPU
		{92C3F570-3A87-483E-922D-8FA09FE4CB61}.Debug|Any CPU.Build.0 = Debug|Any CPU
		{92C3F570-3A87-483E-922D-8FA09FE4CB61}.Release|Any CPU.ActiveCfg = Release|Any CPU
		{92C3F570-3A87-483E-922D-8FA09FE4CB61}.Release|Any CPU.Build.0 = Release|Any CPU
	EndGlobalSection
	GlobalSection(SolutionProperties) = preSolution
		HideSolutionNode = FALSE
	EndGlobalSection
	GlobalSection(ExtensibilityGlobals) = postSolution
		SolutionGuid = {A4FB5B35-22A0-4766-875F-F62BBA977074}
	EndGlobalSection
EndGlobal
